// !$*UTF8*$!
{
	archiveVersion = 1;
	classes = {
	};
	objectVersion = 45;
	objects = {

/* Begin PBXBuildFile section */
		1D3623260D0F684500981E51 /* animatioViewAppDelegate.m in Sources */ = {isa = PBXBuildFile; fileRef = 1D3623250D0F684500981E51 /* animatioViewAppDelegate.m */; };
		1D60589B0D05DD56006BFB54 /* main.m in Sources */ = {isa = PBXBuildFile; fileRef = 29B97316FDCFA39411CA2CEA /* main.m */; };
		1D60589F0D05DD5A006BFB54 /* Foundation.framework in Frameworks */ = {isa = PBXBuildFile; fileRef = 1D30AB110D05D00D00671497 /* Foundation.framework */; };
		1DF5F4E00D08C38300B7A737 /* UIKit.framework in Frameworks */ = {isa = PBXBuildFile; fileRef = 1DF5F4DF0D08C38300B7A737 /* UIKit.framework */; };
		288765A50DF7441C002DB57D /* CoreGraphics.framework in Frameworks */ = {isa = PBXBuildFile; fileRef = 288765A40DF7441C002DB57D /* CoreGraphics.framework */; };
		2899E5220DE3E06400AC0155 /* animatioViewViewController.xib in Resources */ = {isa = PBXBuildFile; fileRef = 2899E5210DE3E06400AC0155 /* animatioViewViewController.xib */; };
		28AD733F0D9D9553002E5188 /* MainWindow.xib in Resources */ = {isa = PBXBuildFile; fileRef = 28AD733E0D9D9553002E5188 /* MainWindow.xib */; };
		28D7ACF80DDB3853001CB0EB /* animatioViewViewController.m in Sources */ = {isa = PBXBuildFile; fileRef = 28D7ACF70DDB3853001CB0EB /* animatioViewViewController.m */; };
		B738FF2F112971CF00D8D33E /* potrait_alph_btn.png in Resources */ = {isa = PBXBuildFile; fileRef = B738FF28112971CF00D8D33E /* potrait_alph_btn.png */; };
		B738FF30112971CF00D8D33E /* potrait_ans.png in Resources */ = {isa = PBXBuildFile; fileRef = B738FF29112971CF00D8D33E /* potrait_ans.png */; };
		B738FF31112971CF00D8D33E /* potrait_back_btn.png in Resources */ = {isa = PBXBuildFile; fileRef = B738FF2A112971CF00D8D33E /* potrait_back_btn.png */; };
		B738FF32112971CF00D8D33E /* potrait_bg.jpg in Resources */ = {isa = PBXBuildFile; fileRef = B738FF2B112971CF00D8D33E /* potrait_bg.jpg */; };
		B738FF33112971CF00D8D33E /* potrait_feed.png in Resources */ = {isa = PBXBuildFile; fileRef = B738FF2C112971CF00D8D33E /* potrait_feed.png */; };
		B738FF34112971CF00D8D33E /* potrait_qu.png in Resources */ = {isa = PBXBuildFile; fileRef = B738FF2D112971CF00D8D33E /* potrait_qu.png */; };
		B738FF35112971CF00D8D33E /* potrait_score.png in Resources */ = {isa = PBXBuildFile; fileRef = B738FF2E112971CF00D8D33E /* potrait_score.png */; };
		B73AAF1D110036B4002FE86D /* click.png in Resources */ = {isa = PBXBuildFile; fileRef = B73AAF1C110036B4002FE86D /* click.png */; };
		B77B50FA111432E100F79EAB /* Default.png in Resources */ = {isa = PBXBuildFile; fileRef = B77B50F9111432E100F79EAB /* Default.png */; };
		B79E612F10FD9045006DEE35 /* NSDataAdditions.m in Sources */ = {isa = PBXBuildFile; fileRef = B79E612C10FD9045006DEE35 /* NSDataAdditions.m */; };
		B79E613010FD9045006DEE35 /* TBXML.m in Sources */ = {isa = PBXBuildFile; fileRef = B79E612E10FD9045006DEE35 /* TBXML.m */; };
		B79E613910FD906B006DEE35 /* libz.dylib in Frameworks */ = {isa = PBXBuildFile; fileRef = B79E613810FD906B006DEE35 /* libz.dylib */; };
		B79E623610FD942B006DEE35 /* data1.xml in Resources */ = {isa = PBXBuildFile; fileRef = B79E623510FD942B006DEE35 /* data1.xml */; };
/* End PBXBuildFile section */

/* Begin PBXFileReference section */
		1D30AB110D05D00D00671497 /* Foundation.framework */ = {isa = PBXFileReference; lastKnownFileType = wrapper.framework; name = Foundation.framework; path = System/Library/Frameworks/Foundation.framework; sourceTree = SDKROOT; };
		1D3623240D0F684500981E51 /* animatioViewAppDelegate.h */ = {isa = PBXFileReference; fileEncoding = 4; lastKnownFileType = sourcecode.c.h; path = animatioViewAppDelegate.h; sourceTree = "<group>"; };
		1D3623250D0F684500981E51 /* animatioViewAppDelegate.m */ = {isa = PBXFileReference; fileEncoding = 4; lastKnownFileType = sourcecode.c.objc; path = animatioViewAppDelegate.m; sourceTree = "<group>"; };
		1D6058910D05DD3D006BFB54 /* animatioView.app */ = {isa = PBXFileReference; explicitFileType = wrapper.application; includeInIndex = 0; path = animatioView.app; sourceTree = BUILT_PRODUCTS_DIR; };
		1DF5F4DF0D08C38300B7A737 /* UIKit.framework */ = {isa = PBXFileReference; lastKnownFileType = wrapper.framework; name = UIKit.framework; path = System/Library/Frameworks/UIKit.framework; sourceTree = SDKROOT; };
		288765A40DF7441C002DB57D /* CoreGraphics.framework */ = {isa = PBXFileReference; lastKnownFileType = wrapper.framework; name = CoreGraphics.framework; path = System/Library/Frameworks/CoreGraphics.framework; sourceTree = SDKROOT; };
		2899E5210DE3E06400AC0155 /* animatioViewViewController.xib */ = {isa = PBXFileReference; lastKnownFileType = file.xib; path = animatioViewViewController.xib; sourceTree = "<group>"; };
		28AD733E0D9D9553002E5188 /* MainWindow.xib */ = {isa = PBXFileReference; lastKnownFileType = file.xib; path = MainWindow.xib; sourceTree = "<group>"; };
		28D7ACF60DDB3853001CB0EB /* animatioViewViewController.h */ = {isa = PBXFileReference; fileEncoding = 4; lastKnownFileType = sourcecode.c.h; path = animatioViewViewController.h; sourceTree = "<group>"; };
		28D7ACF70DDB3853001CB0EB /* animatioViewViewController.m */ = {isa = PBXFileReference; fileEncoding = 4; lastKnownFileType = sourcecode.c.objc; path = animatioViewViewController.m; sourceTree = "<group>"; };
		29B97316FDCFA39411CA2CEA /* main.m */ = {isa = PBXFileReference; fileEncoding = 4; lastKnownFileType = sourcecode.c.objc; path = main.m; sourceTree = "<group>"; };
		32CA4F630368D1EE00C91783 /* animatioView_Prefix.pch */ = {isa = PBXFileReference; fileEncoding = 4; lastKnownFileType = sourcecode.c.h; path = animatioView_Prefix.pch; sourceTree = "<group>"; };
		8D1107310486CEB800E47090 /* animatioView-Info.plist */ = {isa = PBXFileReference; fileEncoding = 4; lastKnownFileType = text.plist.xml; path = "animatioView-Info.plist"; plistStructureDefinitionIdentifier = "com.apple.xcode.plist.structure-definition.iphone.info-plist"; sourceTree = "<group>"; };
		B738FF28112971CF00D8D33E /* potrait_alph_btn.png */ = {isa = PBXFileReference; lastKnownFileType = image.png; name = potrait_alph_btn.png; path = ../potrait_alph_btn.png; sourceTree = "<group>"; };
		B738FF29112971CF00D8D33E /* potrait_ans.png */ = {isa = PBXFileReference; lastKnownFileType = image.png; name = potrait_ans.png; path = ../potrait_ans.png; sourceTree = "<group>"; };
		B738FF2A112971CF00D8D33E /* potrait_back_btn.png */ = {isa = PBXFileReference; lastKnownFileType = image.png; name = potrait_back_btn.png; path = ../potrait_back_btn.png; sourceTree = "<group>"; };
		B738FF2B112971CF00D8D33E /* potrait_bg.jpg */ = {isa = PBXFileReference; lastKnownFileType = image.jpeg; name = potrait_bg.jpg; path = ../potrait_bg.jpg; sourceTree = "<group>"; };
		B738FF2C112971CF00D8D33E /* potrait_feed.png */ = {isa = PBXFileReference; lastKnownFileType = image.png; name = potrait_feed.png; path = ../potrait_feed.png; sourceTree = "<group>"; };
		B738FF2D112971CF00D8D33E /* potrait_qu.png */ = {isa = PBXFileReference; lastKnownFileType = image.png; name = potrait_qu.png; path = ../potrait_qu.png; sourceTree = "<group>"; };
		B738FF2E112971CF00D8D33E /* potrait_score.png */ = {isa = PBXFileReference; lastKnownFileType = image.png; name = potrait_score.png; path = ../potrait_score.png; sourceTree = "<group>"; };
		B73AAF1C110036B4002FE86D /* click.png */ = {isa = PBXFileReference; lastKnownFileType = image.png; path = click.png; sourceTree = "<group>"; };
		B77B50F9111432E100F79EAB /* Default.png */ = {isa = PBXFileReference; lastKnownFileType = image.png; path = Default.png; sourceTree = "<group>"; };
		B79E612B10FD9045006DEE35 /* NSDataAdditions.h */ = {isa = PBXFileReference; fileEncoding = 4; lastKnownFileType = sourcecode.c.h; path = NSDataAdditions.h; sourceTree = "<group>"; };
		B79E612C10FD9045006DEE35 /* NSDataAdditions.m */ = {isa = PBXFileReference; fileEncoding = 4; lastKnownFileType = sourcecode.c.objc; path = NSDataAdditions.m; sourceTree = "<group>"; };
		B79E612D10FD9045006DEE35 /* TBXML.h */ = {isa = PBXFileReference; fileEncoding = 4; lastKnownFileType = sourcecode.c.h; path = TBXML.h; sourceTree = "<group>"; };
		B79E612E10FD9045006DEE35 /* TBXML.m */ = {isa = PBXFileReference; fileEncoding = 4; lastKnownFileType = sourcecode.c.objc; path = TBXML.m; sourceTree = "<group>"; };
		B79E613810FD906B006DEE35 /* libz.dylib */ = {isa = PBXFileReference; lastKnownFileType = "compiled.mach-o.dylib"; name = libz.dylib; path = /usr/lib/libz.dylib; sourceTree = "<absolute>"; };
		B79E623510FD942B006DEE35 /* data1.xml */ = {isa = PBXFileReference; fileEncoding = 4; lastKnownFileType = text.xml; path = data1.xml; sourceTree = "<group>"; };
/* End PBXFileReference section */

/* Begin PBXFrameworksBuildPhase section */
		1D60588F0D05DD3D006BFB54 /* Frameworks */ = {
			isa = PBXFrameworksBuildPhase;
			buildActionMask = 2147483647;
			files = (
				1D60589F0D05DD5A006BFB54 /* Foundation.framework in Frameworks */,
				1DF5F4E00D08C38300B7A737 /* UIKit.framework in Frameworks */,
				288765A50DF7441C002DB57D /* CoreGraphics.framework in Frameworks */,
				B79E613910FD906B006DEE35 /* libz.dylib in Frameworks */,
			);
			runOnlyForDeploymentPostprocessing = 0;
		};
/* End PBXFrameworksBuildPhase section */

/* Begin PBXGroup section */
		080E96DDFE201D6D7F000001 /* Classes */ = {
			isa = PBXGroup;
			children = (
				1D3623240D0F684500981E51 /* animatioViewAppDelegate.h */,
				1D3623250D0F684500981E51 /* animatioViewAppDelegate.m */,
				28D7ACF60DDB3853001CB0EB /* animatioViewViewController.h */,
				28D7ACF70DDB3853001CB0EB /* animatioViewViewController.m */,
			);
			path = Classes;
			sourceTree = "<group>";
		};
		19C28FACFE9D520D11CA2CBB /* Products */ = {
			isa = PBXGroup;
			children = (
				1D6058910D05DD3D006BFB54 /* animatioView.app */,
			);
			name = Products;
			sourceTree = "<group>";
		};
		29B97314FDCFA39411CA2CEA /* CustomTemplate */ = {
			isa = PBXGroup;
			children = (
				B79E612A10FD9045006DEE35 /* TBXML */,
				080E96DDFE201D6D7F000001 /* Classes */,
				29B97315FDCFA39411CA2CEA /* Other Sources */,
				29B97317FDCFA39411CA2CEA /* Resources */,
				29B97323FDCFA39411CA2CEA /* Frameworks */,
				19C28FACFE9D520D11CA2CBB /* Products */,
			);
			name = CustomTemplate;
			sourceTree = "<group>";
		};
		29B97315FDCFA39411CA2CEA /* Other Sources */ = {
			isa = PBXGroup;
			children = (
				32CA4F630368D1EE00C91783 /* animatioView_Prefix.pch */,
				29B97316FDCFA39411CA2CEA /* main.m */,
			);
			name = "Other Sources";
			sourceTree = "<group>";
		};
		29B97317FDCFA39411CA2CEA /* Resources */ = {
			isa = PBXGroup;
			children = (
				B738FF36112971DC00D8D33E /* potriat */,
				B73AAF1C110036B4002FE86D /* click.png */,
				B79E623510FD942B006DEE35 /* data1.xml */,
				2899E5210DE3E06400AC0155 /* animatioViewViewController.xib */,
				28AD733E0D9D9553002E5188 /* MainWindow.xib */,
				8D1107310486CEB800E47090 /* animatioView-Info.plist */,
				B77B50F9111432E100F79EAB /* Default.png */,
			);
			name = Resources;
			sourceTree = "<group>";
		};
		29B97323FDCFA39411CA2CEA /* Frameworks */ = {
			isa = PBXGroup;
			children = (
				1DF5F4DF0D08C38300B7A737 /* UIKit.framework */,
				1D30AB110D05D00D00671497 /* Foundation.framework */,
				288765A40DF7441C002DB57D /* CoreGraphics.framework */,
				B79E613810FD906B006DEE35 /* libz.dylib */,
			);
			name = Frameworks;
			sourceTree = "<group>";
		};
		B738FF36112971DC00D8D33E /* potriat */ = {
			isa = PBXGroup;
			children = (
				B738FF28112971CF00D8D33E /* potrait_alph_btn.png */,
				B738FF29112971CF00D8D33E /* potrait_ans.png */,
				B738FF2A112971CF00D8D33E /* potrait_back_btn.png */,
				B738FF2B112971CF00D8D33E /* potrait_bg.jpg */,
				B738FF2C112971CF00D8D33E /* potrait_feed.png */,
				B738FF2D112971CF00D8D33E /* potrait_qu.png */,
				B738FF2E112971CF00D8D33E /* potrait_score.png */,
			);
			name = potriat;
			path = Classes;
			sourceTree = "<group>";
		};
		B79E612A10FD9045006DEE35 /* TBXML */ = {
			isa = PBXGroup;
			children = (
				B79E612B10FD9045006DEE35 /* NSDataAdditions.h */,
				B79E612C10FD9045006DEE35 /* NSDataAdditions.m */,
				B79E612D10FD9045006DEE35 /* TBXML.h */,
				B79E612E10FD9045006DEE35 /* TBXML.m */,
			);
			name = TBXML;
			path = Classes;
			sourceTree = "<group>";
		};
/* End PBXGroup section */

/* Begin PBXNativeTarget section */
		1D6058900D05DD3D006BFB54 /* animatioView */ = {
			isa = PBXNativeTarget;
			buildConfigurationList = 1D6058960D05DD3E006BFB54 /* Build configuration list for PBXNativeTarget "animatioView" */;
			buildPhases = (
				1D60588D0D05DD3D006BFB54 /* Resources */,
				1D60588E0D05DD3D006BFB54 /* Sources */,
				1D60588F0D05DD3D006BFB54 /* Frameworks */,
			);
			buildRules = (
			);
			dependencies = (
			);
			name = animatioView;
			productName = animatioView;
			productReference = 1D6058910D05DD3D006BFB54 /* animatioView.app */;
			productType = "com.apple.product-type.application";
		};
/* End PBXNativeTarget section */

/* Begin PBXProject section */
		29B97313FDCFA39411CA2CEA /* Project object */ = {
			isa = PBXProject;
			buildConfigurationList = C01FCF4E08A954540054247B /* Build configuration list for PBXProject "animatioView" */;
			compatibilityVersion = "Xcode 3.1";
			developmentRegion = English;
			hasScannedForEncodings = 1;
			knownRegions = (
				en,
			);
			mainGroup = 29B97314FDCFA39411CA2CEA /* CustomTemplate */;
			projectDirPath = "";
			projectRoot = "";
			targets = (
				1D6058900D05DD3D006BFB54 /* animatioView */,
			);
		};
/* End PBXProject section */

/* Begin PBXResourcesBuildPhase section */
		1D60588D0D05DD3D006BFB54 /* Resources */ = {
			isa = PBXResourcesBuildPhase;
			buildActionMask = 2147483647;
			files = (
				28AD733F0D9D9553002E5188 /* MainWindow.xib in Resources */,
				2899E5220DE3E06400AC0155 /* animatioViewViewController.xib in Resources */,
				B79E623610FD942B006DEE35 /* data1.xml in Resources */,
				B73AAF1D110036B4002FE86D /* click.png in Resources */,
				B77B50FA111432E100F79EAB /* Default.png in Resources */,
				B738FF2F112971CF00D8D33E /* potrait_alph_btn.png in Resources */,
				B738FF30112971CF00D8D33E /* potrait_ans.png in Resources */,
				B738FF31112971CF00D8D33E /* potrait_back_btn.png in Resources */,
				B738FF32112971CF00D8D33E /* potrait_bg.jpg in Resources */,
				B738FF33112971CF00D8D33E /* potrait_feed.png in Resources */,
				B738FF34112971CF00D8D33E /* potrait_qu.png in Resources */,
				B738FF35112971CF00D8D33E /* potrait_score.png in Resources */,
			);
			runOnlyForDeploymentPostprocessing = 0;
		};
/* End PBXResourcesBuildPhase section */

/* Begin PBXSourcesBuildPhase section */
		1D60588E0D05DD3D006BFB54 /* Sources */ = {
			isa = PBXSourcesBuildPhase;
			buildActionMask = 2147483647;
			files = (
				1D60589B0D05DD56006BFB54 /* main.m in Sources */,
				1D3623260D0F684500981E51 /* animatioViewAppDelegate.m in Sources */,
				28D7ACF80DDB3853001CB0EB /* animatioViewViewController.m in Sources */,
				B79E612F10FD9045006DEE35 /* NSDataAdditions.m in Sources */,
				B79E613010FD9045006DEE35 /* TBXML.m in Sources */,
			);
			runOnlyForDeploymentPostprocessing = 0;
		};
/* End PBXSourcesBuildPhase section */

/* Begin XCBuildConfiguration section */
		1D6058940D05DD3E006BFB54 /* Debug */ = {
			isa = XCBuildConfiguration;
			buildSettings = {
				ALWAYS_SEARCH_USER_PATHS = NO;
				"CODE_SIGN_IDENTITY[sdk=iphoneos*]" = "iPhone Developer: Nairith Nitish Roy (NHSAAF2P8R)";
				COPY_PHASE_STRIP = NO;
				GCC_DYNAMIC_NO_PIC = NO;
				GCC_OPTIMIZATION_LEVEL = 0;
				GCC_PRECOMPILE_PREFIX_HEADER = YES;
				GCC_PREFIX_HEADER = animatioView_Prefix.pch;
				INFOPLIST_FILE = "animatioView-Info.plist";
				PRODUCT_NAME = animatioView;
				"PROVISIONING_PROFILE[sdk=iphoneos*]" = "22273FEE-440B-4FA6-BB4E-726C94DF5E77";
			};
			name = Debug;
		};
		1D6058950D05DD3E006BFB54 /* Release */ = {
			isa = XCBuildConfiguration;
			buildSettings = {
				ALWAYS_SEARCH_USER_PATHS = NO;
				"CODE_SIGN_IDENTITY[sdk=iphoneos*]" = "iPhone Developer: Nairith Nitish Roy (NHSAAF2P8R)";
				COPY_PHASE_STRIP = YES;
				GCC_PRECOMPILE_PREFIX_HEADER = YES;
				GCC_PREFIX_HEADER = animatioView_Prefix.pch;
				INFOPLIST_FILE = "animatioView-Info.plist";
				PRODUCT_NAME = animatioView;
				"PROVISIONING_PROFILE[sdk=iphoneos*]" = "22273FEE-440B-4FA6-BB4E-726C94DF5E77";
			};
			name = Release;
		};
		C01FCF4F08A954540054247B /* Debug */ = {
			isa = XCBuildConfiguration;
			buildSettings = {
				ARCHS = "$(ARCHS_STANDARD_32_BIT)";
				"CODE_SIGN_IDENTITY[sdk=iphoneos*]" = "Rahul Malik";
				GCC_C_LANGUAGE_STANDARD = c99;
				GCC_WARN_ABOUT_RETURN_TYPE = YES;
				GCC_WARN_UNUSED_VARIABLE = YES;
				PREBINDING = NO;
				SDKROOT = iphoneos3.1;
			};
			name = Debug;
		};
		C01FCF5008A954540054247B /* Release */ = {
			isa = XCBuildConfiguration;
			buildSettings = {
				ARCHS = "$(ARCHS_STANDARD_32_BIT)";
				"CODE_SIGN_IDENTITY[sdk=iphoneos*]" = "Rahul Malik";
				GCC_C_LANGUAGE_STANDARD = c99;
				GCC_WARN_ABOUT_RETURN_TYPE = YES;
				GCC_WARN_UNUSED_VARIABLE = YES;
				PREBINDING = NO;
				SDKROOT = iphoneos3.1;
			};
			name = Release;
		};
/* End XCBuildConfiguration section */

/* Begin XCConfigurationList section */
		1D6058960D05DD3E006BFB54 /* Build configuration list for PBXNativeTarget "animatioView" */ = {
			isa = XCConfigurationList;
			buildConfigurations = (
				1D6058940D05DD3E006BFB54 /* Debug */,
				1D6058950D05DD3E006BFB54 /* Release */,
			);
			defaultConfigurationIsVisible = 0;
			defaultConfigurationName = Release;
		};
		C01FCF4E08A954540054247B /* Build configuration list for PBXProject "animatioView" */ = {
			isa = XCConfigurationList;
			buildConfigurations = (
				C01FCF4F08A954540054247B /* Debug */,
				C01FCF5008A954540054247B /* Release */,
			);
			defaultConfigurationIsVisible = 0;
			defaultConfigurationName = Release;
		};
/* End XCConfigurationList section */
	};
	rootObject = 29B97313FDCFA39411CA2CEA /* Project object */;
}
